
Microsoft Visual Studio Solution File, Format Version 12.00
# Visual Studio 14
VisualStudioVersion = 14.0.23107.0
MinimumVisualStudioVersion = 10.0.40219.1
Project("{8BC9CEB8-8B4A-11D0-8D11-00A0C91BC942}") = "libsass", "libsass.vcxproj", "{E4030474-AFC9-4CC6-BEB6-D846F631502B}"
EndProject
Project("{8BC9CEB8-8B4A-11D0-8D11-00A0C91BC942}") = "libsass.net.mixed", "libsass.net.mixed.vcxproj", "{C3B01408-8A57-446F-9B76-FD8CD6F2155E}"
	ProjectSection(ProjectDependencies) = postProject
		{E4030474-AFC9-4CC6-BEB6-D846F631502B} = {E4030474-AFC9-4CC6-BEB6-D846F631502B}
	EndProjectSection
EndProject
Project("{FAE04EC0-301F-11D3-BF4B-00C04F79EFBC}") = "libsass.net.test", "..\..\libsass.net.tests\libsass.net.test.csproj", "{E14C5AAC-AEF2-454D-A39A-FBB0D16E5815}"
EndProject
Project("{8BC9CEB8-8B4A-11D0-8D11-00A0C91BC942}") = "sassc", "sassc.vcxproj", "{ACA901BF-F09A-4018-8256-C61E9DFEE757}"
	ProjectSection(ProjectDependencies) = postProject
		{E4030474-AFC9-4CC6-BEB6-D846F631502B} = {E4030474-AFC9-4CC6-BEB6-D846F631502B}
	EndProjectSection
EndProject
Global
	GlobalSection(SolutionConfigurationPlatforms) = preSolution
		Debug|Any CPU = Debug|Any CPU
		Debug|Mixed Platforms = Debug|Mixed Platforms
		Debug|Win32 = Debug|Win32
		Debug|x64 = Debug|x64
		Debug|x86 = Debug|x86
		Release|Any CPU = Release|Any CPU
		Release|Mixed Platforms = Release|Mixed Platforms
		Release|Win32 = Release|Win32
		Release|x64 = Release|x64
		Release|x86 = Release|x86
	EndGlobalSection
	GlobalSection(ProjectConfigurationPlatforms) = postSolution
		{E4030474-AFC9-4CC6-BEB6-D846F631502B}.Debug|Any CPU.ActiveCfg = Debug|Win32
		{E4030474-AFC9-4CC6-BEB6-D846F631502B}.Debug|Mixed Platforms.ActiveCfg = Debug|Win32
		{E4030474-AFC9-4CC6-BEB6-D846F631502B}.Debug|Mixed Platforms.Build.0 = Debug|Win32
		{E4030474-AFC9-4CC6-BEB6-D846F631502B}.Debug|Win32.ActiveCfg = Debug|Win32
		{E4030474-AFC9-4CC6-BEB6-D846F631502B}.Debug|Win32.Build.0 = Debug|Win32
		{E4030474-AFC9-4CC6-BEB6-D846F631502B}.Debug|x64.ActiveCfg = Debug|x64
		{E4030474-AFC9-4CC6-BEB6-D846F631502B}.Debug|x64.Build.0 = Debug|x64
		{E4030474-AFC9-4CC6-BEB6-D846F631502B}.Debug|x86.ActiveCfg = Debug|Win32
		{E4030474-AFC9-4CC6-BEB6-D846F631502B}.Debug|x86.Build.0 = Debug|Win32
		{E4030474-AFC9-4CC6-BEB6-D846F631502B}.Release|Any CPU.ActiveCfg = Release|Win32
		{E4030474-AFC9-4CC6-BEB6-D846F631502B}.Release|Mixed Platforms.ActiveCfg = Release|Win32
		{E4030474-AFC9-4CC6-BEB6-D846F631502B}.Release|Mixed Platforms.Build.0 = Release|Win32
		{E4030474-AFC9-4CC6-BEB6-D846F631502B}.Release|Win32.ActiveCfg = Release|Win32
		{E4030474-AFC9-4CC6-BEB6-D846F631502B}.Release|Win32.Build.0 = Release|Win32
		{E4030474-AFC9-4CC6-BEB6-D846F631502B}.Release|x64.ActiveCfg = Release|x64
		{E4030474-AFC9-4CC6-BEB6-D846F631502B}.Release|x64.Build.0 = Release|x64
		{E4030474-AFC9-4CC6-BEB6-D846F631502B}.Release|x86.ActiveCfg = Release|Win32
		{E4030474-AFC9-4CC6-BEB6-D846F631502B}.Release|x86.Build.0 = Release|Win32
		{C3B01408-8A57-446F-9B76-FD8CD6F2155E}.Debug|Any CPU.ActiveCfg = Debug|Win32
		{C3B01408-8A57-446F-9B76-FD8CD6F2155E}.Debug|Mixed Platforms.ActiveCfg = Debug|Win32
		{C3B01408-8A57-446F-9B76-FD8CD6F2155E}.Debug|Mixed Platforms.Build.0 = Debug|Win32
		{C3B01408-8A57-446F-9B76-FD8CD6F2155E}.Debug|Win32.ActiveCfg = Debug|Win32
		{C3B01408-8A57-446F-9B76-FD8CD6F2155E}.Debug|Win32.Build.0 = Debug|Win32
		{C3B01408-8A57-446F-9B76-FD8CD6F2155E}.Debug|x64.ActiveCfg = Debug|x64
		{C3B01408-8A57-446F-9B76-FD8CD6F2155E}.Debug|x64.Build.0 = Debug|x64
		{C3B01408-8A57-446F-9B76-FD8CD6F2155E}.Debug|x86.ActiveCfg = Debug|Win32
		{C3B01408-8A57-446F-9B76-FD8CD6F2155E}.Debug|x86.Build.0 = Debug|Win32
		{C3B01408-8A57-446F-9B76-FD8CD6F2155E}.Release|Any CPU.ActiveCfg = Release|Win32
		{C3B01408-8A57-446F-9B76-FD8CD6F2155E}.Release|Mixed Platforms.ActiveCfg = Release|Win32
		{C3B01408-8A57-446F-9B76-FD8CD6F2155E}.Release|Mixed Platforms.Build.0 = Release|Win32
		{C3B01408-8A57-446F-9B76-FD8CD6F2155E}.Release|Win32.ActiveCfg = Release|Win32
		{C3B01408-8A57-446F-9B76-FD8CD6F2155E}.Release|Win32.Build.0 = Release|Win32
		{C3B01408-8A57-446F-9B76-FD8CD6F2155E}.Release|x64.ActiveCfg = Release|x64
		{C3B01408-8A57-446F-9B76-FD8CD6F2155E}.Release|x64.Build.0 = Release|x64
		{C3B01408-8A57-446F-9B76-FD8CD6F2155E}.Release|x86.ActiveCfg = Release|Win32
		{C3B01408-8A57-446F-9B76-FD8CD6F2155E}.Release|x86.Build.0 = Release|Win32
		{E14C5AAC-AEF2-454D-A39A-FBB0D16E5815}.Debug|Any CPU.ActiveCfg = Debug|Any CPU
		{E14C5AAC-AEF2-454D-A39A-FBB0D16E5815}.Debug|Any CPU.Build.0 = Debug|Any CPU
		{E14C5AAC-AEF2-454D-A39A-FBB0D16E5815}.Debug|Mixed Platforms.ActiveCfg = Debug|Any CPU
		{E14C5AAC-AEF2-454D-A39A-FBB0D16E5815}.Debug|Mixed Platforms.Build.0 = Debug|Any CPU
		{E14C5AAC-AEF2-454D-A39A-FBB0D16E5815}.Debug|Win32.ActiveCfg = Debug|Any CPU
		{E14C5AAC-AEF2-454D-A39A-FBB0D16E5815}.Debug|x64.ActiveCfg = Debug|Any CPU
		{E14C5AAC-AEF2-454D-A39A-FBB0D16E5815}.Debug|x86.ActiveCfg = Debug|Any CPU
		{E14C5AAC-AEF2-454D-A39A-FBB0D16E5815}.Release|Any CPU.ActiveCfg = Release|Any CPU
		{E14C5AAC-AEF2-454D-A39A-FBB0D16E5815}.Release|Any CPU.Build.0 = Release|Any CPU
		{E14C5AAC-AEF2-454D-A39A-FBB0D16E5815}.Release|Mixed Platforms.ActiveCfg = Release|Any CPU
		{E14C5AAC-AEF2-454D-A39A-FBB0D16E5815}.Release|Mixed Platforms.Build.0 = Release|Any CPU
		{E14C5AAC-AEF2-454D-A39A-FBB0D16E5815}.Release|Win32.ActiveCfg = Release|Any CPU
		{E14C5AAC-AEF2-454D-A39A-FBB0D16E5815}.Release|x64.ActiveCfg = Release|x64
		{E14C5AAC-AEF2-454D-A39A-FBB0D16E5815}.Release|x64.Build.0 = Release|x64
		{E14C5AAC-AEF2-454D-A39A-FBB0D16E5815}.Release|x86.ActiveCfg = Release|Any CPU
		{ACA901BF-F09A-4018-8256-C61E9DFEE757}.Debug|Any CPU.ActiveCfg = Debug|Win32
		{ACA901BF-F09A-4018-8256-C61E9DFEE757}.Debug|Mixed Platforms.ActiveCfg = Debug|Win32
		{ACA901BF-F09A-4018-8256-C61E9DFEE757}.Debug|Mixed Platforms.Build.0 = Debug|Win32
		{ACA901BF-F09A-4018-8256-C61E9DFEE757}.Debug|Win32.ActiveCfg = Debug|Win32
		{ACA901BF-F09A-4018-8256-C61E9DFEE757}.Debug|Win32.Build.0 = Debug|Win32
		{ACA901BF-F09A-4018-8256-C61E9DFEE757}.Debug|x64.ActiveCfg = Debug|x64
		{ACA901BF-F09A-4018-8256-C61E9DFEE757}.Debug|x64.Build.0 = Debug|x64
		{ACA901BF-F09A-4018-8256-C61E9DFEE757}.Debug|x86.ActiveCfg = Debug|Win32
		{ACA901BF-F09A-4018-8256-C61E9DFEE757}.Debug|x86.Build.0 = Debug|Win32
		{ACA901BF-F09A-4018-8256-C61E9DFEE757}.Release|Any CPU.ActiveCfg = Release|Win32
		{ACA901BF-F09A-4018-8256-C61E9DFEE757}.Release|Mixed Platforms.ActiveCfg = Release|Win32
		{ACA901BF-F09A-4018-8256-C61E9DFEE757}.Release|Mixed Platforms.Build.0 = Release|Win32
		{ACA901BF-F09A-4018-8256-C61E9DFEE757}.Release|Win32.ActiveCfg = Release|Win32
		{ACA901BF-F09A-4018-8256-C61E9DFEE757}.Release|Win32.Build.0 = Release|Win32
		{ACA901BF-F09A-4018-8256-C61E9DFEE757}.Release|x64.ActiveCfg = Release|x64
		{ACA901BF-F09A-4018-8256-C61E9DFEE757}.Release|x64.Build.0 = Release|x64
		{ACA901BF-F09A-4018-8256-C61E9DFEE757}.Release|x86.ActiveCfg = Release|Win32
		{ACA901BF-F09A-4018-8256-C61E9DFEE757}.Release|x86.Build.0 = Release|Win32
	EndGlobalSection
	GlobalSection(SolutionProperties) = preSolution
		HideSolutionNode = FALSE
	EndGlobalSection
EndGlobal
